// !$*UTF8*$!
{
	archiveVersion = 1;
	classes = {
	};
	objectVersion = 50;
	objects = {

/* Begin PBXBuildFile section */
		B44F773F250D7EF700B3BA52 /* AppDelegate.swift in Sources */ = {isa = PBXBuildFile; fileRef = B44F773E250D7EF700B3BA52 /* AppDelegate.swift */; };
		B44F7741250D7EF700B3BA52 /* SceneDelegate.swift in Sources */ = {isa = PBXBuildFile; fileRef = B44F7740250D7EF700B3BA52 /* SceneDelegate.swift */; };
		B44F7743250D7EF700B3BA52 /* ContentView.swift in Sources */ = {isa = PBXBuildFile; fileRef = B44F7742250D7EF700B3BA52 /* ContentView.swift */; };
		B44F7745250D7EFA00B3BA52 /* Assets.xcassets in Resources */ = {isa = PBXBuildFile; fileRef = B44F7744250D7EFA00B3BA52 /* Assets.xcassets */; };
		B44F7748250D7EFA00B3BA52 /* Preview Assets.xcassets in Resources */ = {isa = PBXBuildFile; fileRef = B44F7747250D7EFA00B3BA52 /* Preview Assets.xcassets */; };
		B44F774B250D7EFA00B3BA52 /* LaunchScreen.storyboard in Resources */ = {isa = PBXBuildFile; fileRef = B44F7749250D7EFA00B3BA52 /* LaunchScreen.storyboard */; };
		B44F7756250D7EFA00B3BA52 /* SchedulifyTests.swift in Sources */ = {isa = PBXBuildFile; fileRef = B44F7755250D7EFA00B3BA52 /* SchedulifyTests.swift */; };
		B44F7761250D7EFA00B3BA52 /* SchedulifyUITests.swift in Sources */ = {isa = PBXBuildFile; fileRef = B44F7760250D7EFA00B3BA52 /* SchedulifyUITests.swift */; };
		B44F776F250D90B100B3BA52 /* schedule.swift in Sources */ = {isa = PBXBuildFile; fileRef = B44F776E250D90B100B3BA52 /* schedule.swift */; };
/* End PBXBuildFile section */

/* Begin PBXContainerItemProxy section */
		B44F7752250D7EFA00B3BA52 /* PBXContainerItemProxy */ = {
			isa = PBXContainerItemProxy;
			containerPortal = B44F7733250D7EF700B3BA52 /* Project object */;
			proxyType = 1;
			remoteGlobalIDString = B44F773A250D7EF700B3BA52;
			remoteInfo = Schedulify;
		};
		B44F775D250D7EFA00B3BA52 /* PBXContainerItemProxy */ = {
			isa = PBXContainerItemProxy;
			containerPortal = B44F7733250D7EF700B3BA52 /* Project object */;
			proxyType = 1;
			remoteGlobalIDString = B44F773A250D7EF700B3BA52;
			remoteInfo = Schedulify;
		};
/* End PBXContainerItemProxy section */

/* Begin PBXFileReference section */
		B44F773B250D7EF700B3BA52 /* Schedulify.app */ = {isa = PBXFileReference; explicitFileType = wrapper.application; includeInIndex = 0; path = Schedulify.app; sourceTree = BUILT_PRODUCTS_DIR; };
		B44F773E250D7EF700B3BA52 /* AppDelegate.swift */ = {isa = PBXFileReference; lastKnownFileType = sourcecode.swift; path = AppDelegate.swift; sourceTree = "<group>"; };
		B44F7740250D7EF700B3BA52 /* SceneDelegate.swift */ = {isa = PBXFileReference; lastKnownFileType = sourcecode.swift; path = SceneDelegate.swift; sourceTree = "<group>"; };
		B44F7742250D7EF700B3BA52 /* ContentView.swift */ = {isa = PBXFileReference; lastKnownFileType = sourcecode.swift; path = ContentView.swift; sourceTree = "<group>"; };
		B44F7744250D7EFA00B3BA52 /* Assets.xcassets */ = {isa = PBXFileReference; lastKnownFileType = folder.assetcatalog; path = Assets.xcassets; sourceTree = "<group>"; };
		B44F7747250D7EFA00B3BA52 /* Preview Assets.xcassets */ = {isa = PBXFileReference; lastKnownFileType = folder.assetcatalog; path = "Preview Assets.xcassets"; sourceTree = "<group>"; };
		B44F774A250D7EFA00B3BA52 /* Base */ = {isa = PBXFileReference; lastKnownFileType = file.storyboard; name = Base; path = Base.lproj/LaunchScreen.storyboard; sourceTree = "<group>"; };
		B44F774C250D7EFA00B3BA52 /* Info.plist */ = {isa = PBXFileReference; lastKnownFileType = text.plist.xml; path = Info.plist; sourceTree = "<group>"; };
		B44F7751250D7EFA00B3BA52 /* SchedulifyTests.xctest */ = {isa = PBXFileReference; explicitFileType = wrapper.cfbundle; includeInIndex = 0; path = SchedulifyTests.xctest; sourceTree = BUILT_PRODUCTS_DIR; };
		B44F7755250D7EFA00B3BA52 /* SchedulifyTests.swift */ = {isa = PBXFileReference; lastKnownFileType = sourcecode.swift; path = SchedulifyTests.swift; sourceTree = "<group>"; };
		B44F7757250D7EFA00B3BA52 /* Info.plist */ = {isa = PBXFileReference; lastKnownFileType = text.plist.xml; path = Info.plist; sourceTree = "<group>"; };
		B44F775C250D7EFA00B3BA52 /* SchedulifyUITests.xctest */ = {isa = PBXFileReference; explicitFileType = wrapper.cfbundle; includeInIndex = 0; path = SchedulifyUITests.xctest; sourceTree = BUILT_PRODUCTS_DIR; };
		B44F7760250D7EFA00B3BA52 /* SchedulifyUITests.swift */ = {isa = PBXFileReference; lastKnownFileType = sourcecode.swift; path = SchedulifyUITests.swift; sourceTree = "<group>"; };
		B44F7762250D7EFA00B3BA52 /* Info.plist */ = {isa = PBXFileReference; lastKnownFileType = text.plist.xml; path = Info.plist; sourceTree = "<group>"; };
		B44F776E250D90B100B3BA52 /* schedule.swift */ = {isa = PBXFileReference; lastKnownFileType = sourcecode.swift; path = schedule.swift; sourceTree = "<group>"; };
/* End PBXFileReference section */

/* Begin PBXFrameworksBuildPhase section */
		B44F7738250D7EF700B3BA52 /* Frameworks */ = {
			isa = PBXFrameworksBuildPhase;
			buildActionMask = 2147483647;
			files = (
			);
			runOnlyForDeploymentPostprocessing = 0;
		};
		B44F774E250D7EFA00B3BA52 /* Frameworks */ = {
			isa = PBXFrameworksBuildPhase;
			buildActionMask = 2147483647;
			files = (
			);
			runOnlyForDeploymentPostprocessing = 0;
		};
		B44F7759250D7EFA00B3BA52 /* Frameworks */ = {
			isa = PBXFrameworksBuildPhase;
			buildActionMask = 2147483647;
			files = (
			);
			runOnlyForDeploymentPostprocessing = 0;
		};
/* End PBXFrameworksBuildPhase section */

/* Begin PBXGroup section */
		B44F7732250D7EF700B3BA52 = {
			isa = PBXGroup;
			children = (
				B44F773D250D7EF700B3BA52 /* Schedulify */,
				B44F7754250D7EFA00B3BA52 /* SchedulifyTests */,
				B44F775F250D7EFA00B3BA52 /* SchedulifyUITests */,
				B44F773C250D7EF700B3BA52 /* Products */,
			);
			sourceTree = "<group>";
		};
		B44F773C250D7EF700B3BA52 /* Products */ = {
			isa = PBXGroup;
			children = (
				B44F773B250D7EF700B3BA52 /* Schedulify.app */,
				B44F7751250D7EFA00B3BA52 /* SchedulifyTests.xctest */,
				B44F775C250D7EFA00B3BA52 /* SchedulifyUITests.xctest */,
			);
			name = Products;
			sourceTree = "<group>";
		};
		B44F773D250D7EF700B3BA52 /* Schedulify */ = {
			isa = PBXGroup;
			children = (
				B44F773E250D7EF700B3BA52 /* AppDelegate.swift */,
				B44F7740250D7EF700B3BA52 /* SceneDelegate.swift */,
				B44F7742250D7EF700B3BA52 /* ContentView.swift */,
				B44F7744250D7EFA00B3BA52 /* Assets.xcassets */,
				B44F7749250D7EFA00B3BA52 /* LaunchScreen.storyboard */,
				B44F774C250D7EFA00B3BA52 /* Info.plist */,
				B44F7746250D7EFA00B3BA52 /* Preview Content */,
				B44F776E250D90B100B3BA52 /* schedule.swift */,
			);
			path = Schedulify;
			sourceTree = "<group>";
		};
		B44F7746250D7EFA00B3BA52 /* Preview Content */ = {
			isa = PBXGroup;
			children = (
				B44F7747250D7EFA00B3BA52 /* Preview Assets.xcassets */,
			);
			path = "Preview Content";
			sourceTree = "<group>";
		};
		B44F7754250D7EFA00B3BA52 /* SchedulifyTests */ = {
			isa = PBXGroup;
			children = (
				B44F7755250D7EFA00B3BA52 /* SchedulifyTests.swift */,
				B44F7757250D7EFA00B3BA52 /* Info.plist */,
			);
			path = SchedulifyTests;
			sourceTree = "<group>";
		};
		B44F775F250D7EFA00B3BA52 /* SchedulifyUITests */ = {
			isa = PBXGroup;
			children = (
				B44F7760250D7EFA00B3BA52 /* SchedulifyUITests.swift */,
				B44F7762250D7EFA00B3BA52 /* Info.plist */,
			);
			path = SchedulifyUITests;
			sourceTree = "<group>";
		};
/* End PBXGroup section */

/* Begin PBXNativeTarget section */
		B44F773A250D7EF700B3BA52 /* Schedulify */ = {
			isa = PBXNativeTarget;
			buildConfigurationList = B44F7765250D7EFA00B3BA52 /* Build configuration list for PBXNativeTarget "Schedulify" */;
			buildPhases = (
				B44F7737250D7EF700B3BA52 /* Sources */,
				B44F7738250D7EF700B3BA52 /* Frameworks */,
				B44F7739250D7EF700B3BA52 /* Resources */,
			);
			buildRules = (
			);
			dependencies = (
			);
			name = Schedulify;
			productName = Schedulify;
			productReference = B44F773B250D7EF700B3BA52 /* Schedulify.app */;
			productType = "com.apple.product-type.application";
		};
		B44F7750250D7EFA00B3BA52 /* SchedulifyTests */ = {
			isa = PBXNativeTarget;
			buildConfigurationList = B44F7768250D7EFA00B3BA52 /* Build configuration list for PBXNativeTarget "SchedulifyTests" */;
			buildPhases = (
				B44F774D250D7EFA00B3BA52 /* Sources */,
				B44F774E250D7EFA00B3BA52 /* Frameworks */,
				B44F774F250D7EFA00B3BA52 /* Resources */,
			);
			buildRules = (
			);
			dependencies = (
				B44F7753250D7EFA00B3BA52 /* PBXTargetDependency */,
			);
			name = SchedulifyTests;
			productName = SchedulifyTests;
			productReference = B44F7751250D7EFA00B3BA52 /* SchedulifyTests.xctest */;
			productType = "com.apple.product-type.bundle.unit-test";
		};
		B44F775B250D7EFA00B3BA52 /* SchedulifyUITests */ = {
			isa = PBXNativeTarget;
			buildConfigurationList = B44F776B250D7EFA00B3BA52 /* Build configuration list for PBXNativeTarget "SchedulifyUITests" */;
			buildPhases = (
				B44F7758250D7EFA00B3BA52 /* Sources */,
				B44F7759250D7EFA00B3BA52 /* Frameworks */,
				B44F775A250D7EFA00B3BA52 /* Resources */,
			);
			buildRules = (
			);
			dependencies = (
				B44F775E250D7EFA00B3BA52 /* PBXTargetDependency */,
			);
			name = SchedulifyUITests;
			productName = SchedulifyUITests;
			productReference = B44F775C250D7EFA00B3BA52 /* SchedulifyUITests.xctest */;
			productType = "com.apple.product-type.bundle.ui-testing";
		};
/* End PBXNativeTarget section */

/* Begin PBXProject section */
		B44F7733250D7EF700B3BA52 /* Project object */ = {
			isa = PBXProject;
			attributes = {
				LastSwiftUpdateCheck = 1170;
				LastUpgradeCheck = 1170;
				ORGANIZATIONNAME = "Ome Asraf";
				TargetAttributes = {
					B44F773A250D7EF700B3BA52 = {
						CreatedOnToolsVersion = 11.7;
					};
					B44F7750250D7EFA00B3BA52 = {
						CreatedOnToolsVersion = 11.7;
						TestTargetID = B44F773A250D7EF700B3BA52;
					};
					B44F775B250D7EFA00B3BA52 = {
						CreatedOnToolsVersion = 11.7;
						TestTargetID = B44F773A250D7EF700B3BA52;
					};
				};
			};
			buildConfigurationList = B44F7736250D7EF700B3BA52 /* Build configuration list for PBXProject "Schedulify" */;
			compatibilityVersion = "Xcode 9.3";
			developmentRegion = en;
			hasScannedForEncodings = 0;
			knownRegions = (
				en,
				Base,
			);
			mainGroup = B44F7732250D7EF700B3BA52;
			productRefGroup = B44F773C250D7EF700B3BA52 /* Products */;
			projectDirPath = "";
			projectRoot = "";
			targets = (
				B44F773A250D7EF700B3BA52 /* Schedulify */,
				B44F7750250D7EFA00B3BA52 /* SchedulifyTests */,
				B44F775B250D7EFA00B3BA52 /* SchedulifyUITests */,
			);
		};
/* End PBXProject section */

/* Begin PBXResourcesBuildPhase section */
		B44F7739250D7EF700B3BA52 /* Resources */ = {
			isa = PBXResourcesBuildPhase;
			buildActionMask = 2147483647;
			files = (
				B44F774B250D7EFA00B3BA52 /* LaunchScreen.storyboard in Resources */,
				B44F7748250D7EFA00B3BA52 /* Preview Assets.xcassets in Resources */,
				B44F7745250D7EFA00B3BA52 /* Assets.xcassets in Resources */,
			);
			runOnlyForDeploymentPostprocessing = 0;
		};
		B44F774F250D7EFA00B3BA52 /* Resources */ = {
			isa = PBXResourcesBuildPhase;
			buildActionMask = 2147483647;
			files = (
			);
			runOnlyForDeploymentPostprocessing = 0;
		};
		B44F775A250D7EFA00B3BA52 /* Resources */ = {
			isa = PBXResourcesBuildPhase;
			buildActionMask = 2147483647;
			files = (
			);
			runOnlyForDeploymentPostprocessing = 0;
		};
/* End PBXResourcesBuildPhase section */

/* Begin PBXSourcesBuildPhase section */
		B44F7737250D7EF700B3BA52 /* Sources */ = {
			isa = PBXSourcesBuildPhase;
			buildActionMask = 2147483647;
			files = (
				B44F773F250D7EF700B3BA52 /* AppDelegate.swift in Sources */,
				B44F7741250D7EF700B3BA52 /* SceneDelegate.swift in Sources */,
				B44F776F250D90B100B3BA52 /* schedule.swift in Sources */,
				B44F7743250D7EF700B3BA52 /* ContentView.swift in Sources */,
			);
			runOnlyForDeploymentPostprocessing = 0;
		};
		B44F774D250D7EFA00B3BA52 /* Sources */ = {
			isa = PBXSourcesBuildPhase;
			buildActionMask = 2147483647;
			files = (
				B44F7756250D7EFA00B3BA52 /* SchedulifyTests.swift in Sources */,
			);
			runOnlyForDeploymentPostprocessing = 0;
		};
		B44F7758250D7EFA00B3BA52 /* Sources */ = {
			isa = PBXSourcesBuildPhase;
			buildActionMask = 2147483647;
			files = (
				B44F7761250D7EFA00B3BA52 /* SchedulifyUITests.swift in Sources */,
			);
			runOnlyForDeploymentPostprocessing = 0;
		};
/* End PBXSourcesBuildPhase section */

/* Begin PBXTargetDependency section */
		B44F7753250D7EFA00B3BA52 /* PBXTargetDependency */ = {
			isa = PBXTargetDependency;
			target = B44F773A250D7EF700B3BA52 /* Schedulify */;
			targetProxy = B44F7752250D7EFA00B3BA52 /* PBXContainerItemProxy */;
		};
		B44F775E250D7EFA00B3BA52 /* PBXTargetDependency */ = {
			isa = PBXTargetDependency;
			target = B44F773A250D7EF700B3BA52 /* Schedulify */;
			targetProxy = B44F775D250D7EFA00B3BA52 /* PBXContainerItemProxy */;
		};
/* End PBXTargetDependency section */

/* Begin PBXVariantGroup section */
		B44F7749250D7EFA00B3BA52 /* LaunchScreen.storyboard */ = {
			isa = PBXVariantGroup;
			children = (
				B44F774A250D7EFA00B3BA52 /* Base */,
			);
			name = LaunchScreen.storyboard;
			sourceTree = "<group>";
		};
/* End PBXVariantGroup section */

/* Begin XCBuildConfiguration section */
		B44F7763250D7EFA00B3BA52 /* Debug */ = {
			isa = XCBuildConfiguration;
			buildSettings = {
				ALWAYS_SEARCH_USER_PATHS = NO;
				CLANG_ANALYZER_NONNULL = YES;
				CLANG_ANALYZER_NUMBER_OBJECT_CONVERSION = YES_AGGRESSIVE;
				CLANG_CXX_LANGUAGE_STANDARD = "gnu++14";
				CLANG_CXX_LIBRARY = "libc++";
				CLANG_ENABLE_MODULES = YES;
				CLANG_ENABLE_OBJC_ARC = YES;
				CLANG_ENABLE_OBJC_WEAK = YES;
				CLANG_WARN_BLOCK_CAPTURE_AUTORELEASING = YES;
				CLANG_WARN_BOOL_CONVERSION = YES;
				CLANG_WARN_COMMA = YES;
				CLANG_WARN_CONSTANT_CONVERSION = YES;
				CLANG_WARN_DEPRECATED_OBJC_IMPLEMENTATIONS = YES;
				CLANG_WARN_DIRECT_OBJC_ISA_USAGE = YES_ERROR;
				CLANG_WARN_DOCUMENTATION_COMMENTS = YES;
				CLANG_WARN_EMPTY_BODY = YES;
				CLANG_WARN_ENUM_CONVERSION = YES;
				CLANG_WARN_INFINITE_RECURSION = YES;
				CLANG_WARN_INT_CONVERSION = YES;
				CLANG_WARN_NON_LITERAL_NULL_CONVERSION = YES;
				CLANG_WARN_OBJC_IMPLICIT_RETAIN_SELF = YES;
				CLANG_WARN_OBJC_LITERAL_CONVERSION = YES;
				CLANG_WARN_OBJC_ROOT_CLASS = YES_ERROR;
				CLANG_WARN_RANGE_LOOP_ANALYSIS = YES;
				CLANG_WARN_STRICT_PROTOTYPES = YES;
				CLANG_WARN_SUSPICIOUS_MOVE = YES;
				CLANG_WARN_UNGUARDED_AVAILABILITY = YES_AGGRESSIVE;
				CLANG_WARN_UNREACHABLE_CODE = YES;
				CLANG_WARN__DUPLICATE_METHOD_MATCH = YES;
				COPY_PHASE_STRIP = NO;
				DEBUG_INFORMATION_FORMAT = dwarf;
				ENABLE_STRICT_OBJC_MSGSEND = YES;
				ENABLE_TESTABILITY = YES;
				GCC_C_LANGUAGE_STANDARD = gnu11;
				GCC_DYNAMIC_NO_PIC = NO;
				GCC_NO_COMMON_BLOCKS = YES;
				GCC_OPTIMIZATION_LEVEL = 0;
				GCC_PREPROCESSOR_DEFINITIONS = (
					"DEBUG=1",
					"$(inherited)",
				);
				GCC_WARN_64_TO_32_BIT_CONVERSION = YES;
				GCC_WARN_ABOUT_RETURN_TYPE = YES_ERROR;
				GCC_WARN_UNDECLARED_SELECTOR = YES;
				GCC_WARN_UNINITIALIZED_AUTOS = YES_AGGRESSIVE;
				GCC_WARN_UNUSED_FUNCTION = YES;
				GCC_WARN_UNUSED_VARIABLE = YES;
				IPHONEOS_DEPLOYMENT_TARGET = 13.7;
				MTL_ENABLE_DEBUG_INFO = INCLUDE_SOURCE;
				MTL_FAST_MATH = YES;
				ONLY_ACTIVE_ARCH = YES;
				SDKROOT = iphoneos;
				SWIFT_ACTIVE_COMPILATION_CONDITIONS = DEBUG;
				SWIFT_OPTIMIZATION_LEVEL = "-Onone";
			};
			name = Debug;
		};
		B44F7764250D7EFA00B3BA52 /* Release */ = {
			isa = XCBuildConfiguration;
			buildSettings = {
				ALWAYS_SEARCH_USER_PATHS = NO;
				CLANG_ANALYZER_NONNULL = YES;
				CLANG_ANALYZER_NUMBER_OBJECT_CONVERSION = YES_AGGRESSIVE;
				CLANG_CXX_LANGUAGE_STANDARD = "gnu++14";
				CLANG_CXX_LIBRARY = "libc++";
				CLANG_ENABLE_MODULES = YES;
				CLANG_ENABLE_OBJC_ARC = YES;
				CLANG_ENABLE_OBJC_WEAK = YES;
				CLANG_WARN_BLOCK_CAPTURE_AUTORELEASING = YES;
				CLANG_WARN_BOOL_CONVERSION = YES;
				CLANG_WARN_COMMA = YES;
				CLANG_WARN_CONSTANT_CONVERSION = YES;
				CLANG_WARN_DEPRECATED_OBJC_IMPLEMENTATIONS = YES;
				CLANG_WARN_DIRECT_OBJC_ISA_USAGE = YES_ERROR;
				CLANG_WARN_DOCUMENTATION_COMMENTS = YES;
				CLANG_WARN_EMPTY_BODY = YES;
				CLANG_WARN_ENUM_CONVERSION = YES;
				CLANG_WARN_INFINITE_RECURSION = YES;
				CLANG_WARN_INT_CONVERSION = YES;
				CLANG_WARN_NON_LITERAL_NULL_CONVERSION = YES;
				CLANG_WARN_OBJC_IMPLICIT_RETAIN_SELF = YES;
				CLANG_WARN_OBJC_LITERAL_CONVERSION = YES;
				CLANG_WARN_OBJC_ROOT_CLASS = YES_ERROR;
				CLANG_WARN_RANGE_LOOP_ANALYSIS = YES;
				CLANG_WARN_STRICT_PROTOTYPES = YES;
				CLANG_WARN_SUSPICIOUS_MOVE = YES;
				CLANG_WARN_UNGUARDED_AVAILABILITY = YES_AGGRESSIVE;
				CLANG_WARN_UNREACHABLE_CODE = YES;
				CLANG_WARN__DUPLICATE_METHOD_MATCH = YES;
				COPY_PHASE_STRIP = NO;
				DEBUG_INFORMATION_FORMAT = "dwarf-with-dsym";
				ENABLE_NS_ASSERTIONS = NO;
				ENABLE_STRICT_OBJC_MSGSEND = YES;
				GCC_C_LANGUAGE_STANDARD = gnu11;
				GCC_NO_COMMON_BLOCKS = YES;
				GCC_WARN_64_TO_32_BIT_CONVERSION = YES;
				GCC_WARN_ABOUT_RETURN_TYPE = YES_ERROR;
				GCC_WARN_UNDECLARED_SELECTOR = YES;
				GCC_WARN_UNINITIALIZED_AUTOS = YES_AGGRESSIVE;
				GCC_WARN_UNUSED_FUNCTION = YES;
				GCC_WARN_UNUSED_VARIABLE = YES;
				IPHONEOS_DEPLOYMENT_TARGET = 13.7;
				MTL_ENABLE_DEBUG_INFO = NO;
				MTL_FAST_MATH = YES;
				SDKROOT = iphoneos;
				SWIFT_COMPILATION_MODE = wholemodule;
				SWIFT_OPTIMIZATION_LEVEL = "-O";
				VALIDATE_PRODUCT = YES;
			};
			name = Release;
		};
		B44F7766250D7EFA00B3BA52 /* Debug */ = {
			isa = XCBuildConfiguration;
			buildSettings = {
				ASSETCATALOG_COMPILER_APPICON_NAME = AppIcon;
				CODE_SIGN_STYLE = Automatic;
				DEVELOPMENT_ASSET_PATHS = "\"Schedulify/Preview Content\"";
				DEVELOPMENT_TEAM = S8YT4LAQ84;
				ENABLE_PREVIEWS = YES;
				INFOPLIST_FILE = Schedulify/Info.plist;
				LD_RUNPATH_SEARCH_PATHS = (
					"$(inherited)",
					"@executable_path/Frameworks",
				);
				PRODUCT_BUNDLE_IDENTIFIER = com.ome.Schedulify;
				PRODUCT_NAME = "$(TARGET_NAME)";
				SWIFT_VERSION = 5.0;
				TARGETED_DEVICE_FAMILY = "1,2";
			};
			name = Debug;
		};
		B44F7767250D7EFA00B3BA52 /* Release */ = {
			isa = XCBuildConfiguration;
			buildSettings = {
				ASSETCATALOG_COMPILER_APPICON_NAME = AppIcon;
				CODE_SIGN_STYLE = Automatic;
				DEVELOPMENT_ASSET_PATHS = "\"Schedulify/Preview Content\"";
				DEVELOPMENT_TEAM = S8YT4LAQ84;
				ENABLE_PREVIEWS = YES;
				INFOPLIST_FILE = Schedulify/Info.plist;
				LD_RUNPATH_SEARCH_PATHS = (
					"$(inherited)",
					"@executable_path/Frameworks",
				);
				PRODUCT_BUNDLE_IDENTIFIER = com.ome.Schedulify;
				PRODUCT_NAME = "$(TARGET_NAME)";
				SWIFT_VERSION = 5.0;
				TARGETED_DEVICE_FAMILY = "1,2";
			};
			name = Release;
		};
		B44F7769250D7EFA00B3BA52 /* Debug */ = {
			isa = XCBuildConfiguration;
			buildSettings = {
				ALWAYS_EMBED_SWIFT_STANDARD_LIBRARIES = YES;
				BUNDLE_LOADER = "$(TEST_HOST)";
				CODE_SIGN_STYLE = Automatic;
				DEVELOPMENT_TEAM = S8YT4LAQ84;
				INFOPLIST_FILE = SchedulifyTests/Info.plist;
				IPHONEOS_DEPLOYMENT_TARGET = 13.7;
				LD_RUNPATH_SEARCH_PATHS = (
					"$(inherited)",
					"@executable_path/Frameworks",
					"@loader_path/Frameworks",
				);
				PRODUCT_BUNDLE_IDENTIFIER = com.ome.SchedulifyTests;
				PRODUCT_NAME = "$(TARGET_NAME)";
				SWIFT_VERSION = 5.0;
				TARGETED_DEVICE_FAMILY = "1,2";
				TEST_HOST = "$(BUILT_PRODUCTS_DIR)/Schedulify.app/Schedulify";
			};
			name = Debug;
		};
		B44F776A250D7EFA00B3BA52 /* Release */ = {
			isa = XCBuildConfiguration;
			buildSettings = {
				ALWAYS_EMBED_SWIFT_STANDARD_LIBRARIES = YES;
				BUNDLE_LOADER = "$(TEST_HOST)";
				CODE_SIGN_STYLE = Automatic;
				DEVELOPMENT_TEAM = S8YT4LAQ84;
				INFOPLIST_FILE = SchedulifyTests/Info.plist;
				IPHONEOS_DEPLOYMENT_TARGET = 13.7;
				LD_RUNPATH_SEARCH_PATHS = (
					"$(inherited)",
					"@executable_path/Frameworks",
					"@loader_path/Frameworks",
				);
				PRODUCT_BUNDLE_IDENTIFIER = com.ome.SchedulifyTests;
				PRODUCT_NAME = "$(TARGET_NAME)";
				SWIFT_VERSION = 5.0;
				TARGETED_DEVICE_FAMILY = "1,2";
				TEST_HOST = "$(BUILT_PRODUCTS_DIR)/Schedulify.app/Schedulify";
			};
			name = Release;
		};
		B44F776C250D7EFA00B3BA52 /* Debug */ = {
			isa = XCBuildConfiguration;
			buildSettings = {
				ALWAYS_EMBED_SWIFT_STANDARD_LIBRARIES = YES;
				CODE_SIGN_STYLE = Automatic;
				DEVELOPMENT_TEAM = S8YT4LAQ84;
				INFOPLIST_FILE = SchedulifyUITests/Info.plist;
				LD_RUNPATH_SEARCH_PATHS = (
					"$(inherited)",
					"@executable_path/Frameworks",
					"@loader_path/Frameworks",
				);
				PRODUCT_BUNDLE_IDENTIFIER = com.ome.SchedulifyUITests;
				PRODUCT_NAME = "$(TARGET_NAME)";
				SWIFT_VERSION = 5.0;
				TARGETED_DEVICE_FAMILY = "1,2";
				TEST_TARGET_NAME = Schedulify;
			};
			name = Debug;
		};
		B44F776D250D7EFA00B3BA52 /* Release */ = {
			isa = XCBuildConfiguration;
			buildSettings = {
				ALWAYS_EMBED_SWIFT_STANDARD_LIBRARIES = YES;
				CODE_SIGN_STYLE = Automatic;
				DEVELOPMENT_TEAM = S8YT4LAQ84;
				INFOPLIST_FILE = SchedulifyUITests/Info.plist;
				LD_RUNPATH_SEARCH_PATHS = (
					"$(inherited)",
					"@executable_path/Frameworks",
					"@loader_path/Frameworks",
				);
				PRODUCT_BUNDLE_IDENTIFIER = com.ome.SchedulifyUITests;
				PRODUCT_NAME = "$(TARGET_NAME)";
				SWIFT_VERSION = 5.0;
				TARGETED_DEVICE_FAMILY = "1,2";
				TEST_TARGET_NAME = Schedulify;
			};
			name = Release;
		};
/* End XCBuildConfiguration section */

/* Begin XCConfigurationList section */
		B44F7736250D7EF700B3BA52 /* Build configuration list for PBXProject "Schedulify" */ = {
			isa = XCConfigurationList;
			buildConfigurations = (
				B44F7763250D7EFA00B3BA52 /* Debug */,
				B44F7764250D7EFA00B3BA52 /* Release */,
			);
			defaultConfigurationIsVisible = 0;
			defaultConfigurationName = Release;
		};
		B44F7765250D7EFA00B3BA52 /* Build configuration list for PBXNativeTarget "Schedulify" */ = {
			isa = XCConfigurationList;
			buildConfigurations = (
				B44F7766250D7EFA00B3BA52 /* Debug */,
				B44F7767250D7EFA00B3BA52 /* Release */,
			);
			defaultConfigurationIsVisible = 0;
			defaultConfigurationName = Release;
		};
		B44F7768250D7EFA00B3BA52 /* Build configuration list for PBXNativeTarget "SchedulifyTests" */ = {
			isa = XCConfigurationList;
			buildConfigurations = (
				B44F7769250D7EFA00B3BA52 /* Debug */,
				B44F776A250D7EFA00B3BA52 /* Release */,
			);
			defaultConfigurationIsVisible = 0;
			defaultConfigurationName = Release;
		};
		B44F776B250D7EFA00B3BA52 /* Build configuration list for PBXNativeTarget "SchedulifyUITests" */ = {
			isa = XCConfigurationList;
			buildConfigurations = (
				B44F776C250D7EFA00B3BA52 /* Debug */,
				B44F776D250D7EFA00B3BA52 /* Release */,
			);
			defaultConfigurationIsVisible = 0;
			defaultConfigurationName = Release;
		};
/* End XCConfigurationList section */
	};
	rootObject = B44F7733250D7EF700B3BA52 /* Project object */;
}
